
Microsoft Visual Studio Solution File, Format Version 12.00
# Visual Studio Version 17
VisualStudioVersion = 17.0.31903.59
MinimumVisualStudioVersion = 10.0.40219.1
Project("{FAE04EC0-301F-11D3-BF4B-00C04F79EFBC}") = "MIQ.Core", "MIQ.Core\MIQ.Core.csproj", "{11CBE0EA-960E-418C-91A0-09682C2547D8}"
EndProject
Project("{FAE04EC0-301F-11D3-BF4B-00C04F79EFBC}") = "QuickLook.Plugin.MIQ", "QuickLook.Plugin.MIQ\QuickLook.Plugin.MIQ.csproj", "{985617C5-47A7-43AC-BF1D-92D637B8E20C}"
EndProject
Global
	GlobalSection(SolutionConfigurationPlatforms) = preSolution
		Debug|Any CPU = Debug|Any CPU
		Release|Any CPU = Release|Any CPU
	EndGlobalSection
	GlobalSection(SolutionProperties) = preSolution
		HideSolutionNode = FALSE
	EndGlobalSection
	GlobalSection(ProjectConfigurationPlatforms) = postSolution
		{11CBE0EA-960E-418C-91A0-09682C2547D8}.Debug|Any CPU.ActiveCfg = Debug|Any CPU
		{11CBE0EA-960E-418C-91A0-09682C2547D8}.Debug|Any CPU.Build.0 = Debug|Any CPU
		{11CBE0EA-960E-418C-91A0-09682C2547D8}.Release|Any CPU.ActiveCfg = Release|Any CPU
		{11CBE0EA-960E-418C-91A0-09682C2547D8}.Release|Any CPU.Build.0 = Release|Any CPU
		{985617C5-47A7-43AC-BF1D-92D637B8E20C}.Debug|Any CPU.ActiveCfg = Debug|Any CPU
		{985617C5-47A7-43AC-BF1D-92D637B8E20C}.Debug|Any CPU.Build.0 = Debug|Any CPU
		{985617C5-47A7-43AC-BF1D-92D637B8E20C}.Release|Any CPU.ActiveCfg = Release|Any CPU
		{985617C5-47A7-43AC-BF1D-92D637B8E20C}.Release|Any CPU.Build.0 = Release|Any CPU
	EndGlobalSection
EndGlobal
